
Microsoft Visual Studio Solution File, Format Version 12.00
# Visual Studio Version 17
VisualStudioVersion = 17.9.34616.47
MinimumVisualStudioVersion = 10.0.40219.1
Project("{8BC9CEB8-8B4A-11D0-8D11-00A0C91BC942}") = "Pertemuan4Juni", "Pertemuan4Juni\Pertemuan4Juni.vcxproj", "{12013023-7B72-4935-9A3C-F82A2E5260E1}"
EndProject
Project("{8BC9CEB8-8B4A-11D0-8D11-00A0C91BC942}") = "Part2", "Part2\Part2.vcxproj", "{1005040C-4C6B-4AA8-8D2E-03FD7062C20F}"
EndProject
Project("{8BC9CEB8-8B4A-11D0-8D11-00A0C91BC942}") = "Part3", "Part3\Part3.vcxproj", "{C0A58E17-5B31-40EF-9311-98410A8E078F}"
EndProject
Global
	GlobalSection(SolutionConfigurationPlatforms) = preSolution
		Debug|x64 = Debug|x64
		Debug|x86 = Debug|x86
		Release|x64 = Release|x64
		Release|x86 = Release|x86
	EndGlobalSection
	GlobalSection(ProjectConfigurationPlatforms) = postSolution
		{12013023-7B72-4935-9A3C-F82A2E5260E1}.Debug|x64.ActiveCfg = Debug|x64
		{12013023-7B72-4935-9A3C-F82A2E5260E1}.Debug|x64.Build.0 = Debug|x64
		{12013023-7B72-4935-9A3C-F82A2E5260E1}.Debug|x86.ActiveCfg = Debug|Win32
		{12013023-7B72-4935-9A3C-F82A2E5260E1}.Debug|x86.Build.0 = Debug|Win32
		{12013023-7B72-4935-9A3C-F82A2E5260E1}.Release|x64.ActiveCfg = Release|x64
		{12013023-7B72-4935-9A3C-F82A2E5260E1}.Release|x64.Build.0 = Release|x64
		{12013023-7B72-4935-9A3C-F82A2E5260E1}.Release|x86.ActiveCfg = Release|Win32
		{12013023-7B72-4935-9A3C-F82A2E5260E1}.Release|x86.Build.0 = Release|Win32
		{1005040C-4C6B-4AA8-8D2E-03FD7062C20F}.Debug|x64.ActiveCfg = Debug|x64
		{1005040C-4C6B-4AA8-8D2E-03FD7062C20F}.Debug|x64.Build.0 = Debug|x64
		{1005040C-4C6B-4AA8-8D2E-03FD7062C20F}.Debug|x86.ActiveCfg = Debug|Win32
		{1005040C-4C6B-4AA8-8D2E-03FD7062C20F}.Debug|x86.Build.0 = Debug|Win32
		{1005040C-4C6B-4AA8-8D2E-03FD7062C20F}.Release|x64.ActiveCfg = Release|x64
		{1005040C-4C6B-4AA8-8D2E-03FD7062C20F}.Release|x64.Build.0 = Release|x64
		{1005040C-4C6B-4AA8-8D2E-03FD7062C20F}.Release|x86.ActiveCfg = Release|Win32
		{1005040C-4C6B-4AA8-8D2E-03FD7062C20F}.Release|x86.Build.0 = Release|Win32
		{C0A58E17-5B31-40EF-9311-98410A8E078F}.Debug|x64.ActiveCfg = Debug|x64
		{C0A58E17-5B31-40EF-9311-98410A8E078F}.Debug|x64.Build.0 = Debug|x64
		{C0A58E17-5B31-40EF-9311-98410A8E078F}.Debug|x86.ActiveCfg = Debug|Win32
		{C0A58E17-5B31-40EF-9311-98410A8E078F}.Debug|x86.Build.0 = Debug|Win32
		{C0A58E17-5B31-40EF-9311-98410A8E078F}.Release|x64.ActiveCfg = Release|x64
		{C0A58E17-5B31-40EF-9311-98410A8E078F}.Release|x64.Build.0 = Release|x64
		{C0A58E17-5B31-40EF-9311-98410A8E078F}.Release|x86.ActiveCfg = Release|Win32
		{C0A58E17-5B31-40EF-9311-98410A8E078F}.Release|x86.Build.0 = Release|Win32
	EndGlobalSection
	GlobalSection(SolutionProperties) = preSolution
		HideSolutionNode = FALSE
	EndGlobalSection
	GlobalSection(ExtensibilityGlobals) = postSolution
		SolutionGuid = {A4953C16-1FD4-497B-B75C-E9174F7B5472}
	EndGlobalSection
EndGlobal
